
Microsoft Visual Studio Solution File, Format Version 12.00
# Visual Studio Version 16
VisualStudioVersion = 16.0.31702.278
MinimumVisualStudioVersion = 10.0.40219.1
Project("{FAE04EC0-301F-11D3-BF4B-00C04F79EFBC}") = "Students", "Students\Students.csproj", "{13A477D7-8A98-48C9-BC3F-5D1B50012B33}"
EndProject
Global
	GlobalSection(SolutionConfigurationPlatforms) = preSolution
		Debug|Any CPU = Debug|Any CPU
		Release|Any CPU = Release|Any CPU
	EndGlobalSection
	GlobalSection(ProjectConfigurationPlatforms) = postSolution
		{13A477D7-8A98-48C9-BC3F-5D1B50012B33}.Debug|Any CPU.ActiveCfg = Debug|Any CPU
		{13A477D7-8A98-48C9-BC3F-5D1B50012B33}.Debug|Any CPU.Build.0 = Debug|Any CPU
		{13A477D7-8A98-48C9-BC3F-5D1B50012B33}.Release|Any CPU.ActiveCfg = Release|Any CPU
		{13A477D7-8A98-48C9-BC3F-5D1B50012B33}.Release|Any CPU.Build.0 = Release|Any CPU
	EndGlobalSection
	GlobalSection(SolutionProperties) = preSolution
		HideSolutionNode = FALSE
	EndGlobalSection
	GlobalSection(ExtensibilityGlobals) = postSolution
		SolutionGuid = {39A1F069-39E8-4528-BDCD-A23B714D773E}
	EndGlobalSection
EndGlobal
